{
	"name": "rpwa2",
	"version": "0.0.1",
	"lockfileVersion": 3,
	"requires": true,
	"packages": {
		"": {
			"name": "rpwa2",
			"version": "0.0.1",
			"license": "MIT",
			"devDependencies": {
				"@types/node": "^16.18.34",
				"@types/vscode": "^1.73.0",
				"typescript": "^5.1.3"
			},
			"engines": {
				"vscode": "^1.74.0"
			}
		},
		"node_modules/@types/node": {
			"version": "16.18.68",
			"resolved": "https://registry.npmjs.org/@types/node/-/node-16.18.68.tgz",
			"integrity": "sha512-sG3hPIQwJLoewrN7cr0dwEy+yF5nD4D/4FxtQpFciRD/xwUzgD+G05uxZHv5mhfXo4F9Jkp13jjn0CC2q325sg==",
			"dev": true
		},
		"node_modules/@types/vscode": {
			"version": "1.85.0",
			"resolved": "https://registry.npmjs.org/@types/vscode/-/vscode-1.85.0.tgz",
			"integrity": "sha512-CF/RBon/GXwdfmnjZj0WTUMZN5H6YITOfBCP4iEZlOtVQXuzw6t7Le7+cR+7JzdMrnlm7Mfp49Oj2TuSXIWo3g==",
			"dev": true
		},
		"node_modules/typescript": {
			"version": "5.3.3",
			"resolved": "https://registry.npmjs.org/typescript/-/typescript-5.3.3.tgz",
			"integrity": "sha512-pXWcraxM0uxAS+tN0AG/BF2TyqmHO014Z070UsJ+pFvYuRSq8KH8DmWpnbXe0pEPDHXZV3FcAbJkijJ5oNEnWw==",
			"dev": true,
			"bin": {
				"tsc": "bin/tsc",
				"tsserver": "bin/tsserver"
			},
			"engines": {
				"node": ">=14.17"
			}
		}
	}
}
